
Microsoft Visual Studio Solution File, Format Version 12.00
Project("{FAE04EC0-301F-11D3-BF4B-00C04F79EFBC}") = "Client", "Client\Client.csproj", "{CCC68750-151D-4C5C-80C2-4575D5586FEB}"
EndProject
Global
	GlobalSection(SolutionConfigurationPlatforms) = preSolution
		Debug|Any CPU = Debug|Any CPU
		Release|Any CPU = Release|Any CPU
	EndGlobalSection
	GlobalSection(ProjectConfigurationPlatforms) = postSolution
		{CCC68750-151D-4C5C-80C2-4575D5586FEB}.Debug|Any CPU.ActiveCfg = Debug|Any CPU
		{CCC68750-151D-4C5C-80C2-4575D5586FEB}.Debug|Any CPU.Build.0 = Debug|Any CPU
		{CCC68750-151D-4C5C-80C2-4575D5586FEB}.Release|Any CPU.ActiveCfg = Release|Any CPU
		{CCC68750-151D-4C5C-80C2-4575D5586FEB}.Release|Any CPU.Build.0 = Release|Any CPU
	EndGlobalSection
EndGlobal
